
Microsoft Visual Studio Solution File, Format Version 12.00
# Visual Studio Version 17
VisualStudioVersion = 17.10.34928.147
MinimumVisualStudioVersion = 10.0.40219.1
Project("{FAE04EC0-301F-11D3-BF4B-00C04F79EFBC}") = "TimeTrackingSystem", "TimeTrackingSystem\TimeTrackingSystem.csproj", "{DC33891E-069C-4087-87EF-B2104FD3CCE1}"
EndProject
Global
	GlobalSection(SolutionConfigurationPlatforms) = preSolution
		Debug|Any CPU = Debug|Any CPU
		Release|Any CPU = Release|Any CPU
	EndGlobalSection
	GlobalSection(ProjectConfigurationPlatforms) = postSolution
		{DC33891E-069C-4087-87EF-B2104FD3CCE1}.Debug|Any CPU.ActiveCfg = Debug|Any CPU
		{DC33891E-069C-4087-87EF-B2104FD3CCE1}.Debug|Any CPU.Build.0 = Debug|Any CPU
		{DC33891E-069C-4087-87EF-B2104FD3CCE1}.Release|Any CPU.ActiveCfg = Release|Any CPU
		{DC33891E-069C-4087-87EF-B2104FD3CCE1}.Release|Any CPU.Build.0 = Release|Any CPU
	EndGlobalSection
	GlobalSection(SolutionProperties) = preSolution
		HideSolutionNode = FALSE
	EndGlobalSection
	GlobalSection(ExtensibilityGlobals) = postSolution
		SolutionGuid = {9C739412-6A2A-4E57-B711-8F99CE50FDCA}
	EndGlobalSection
EndGlobal
